
Microsoft Visual Studio Solution File, Format Version 12.00
# Visual Studio Version 17
VisualStudioVersion = 17.8.34322.80
MinimumVisualStudioVersion = 10.0.40219.1
Project("{FAE04EC0-301F-11D3-BF4B-00C04F79EFBC}") = "CSharpTraning.TwoSum", "CSharpTraning.TwoSum\CSharpTraning.TwoSum.csproj", "{314CAB66-CCD5-4AF5-842B-E2D37A2B3D44}"
EndProject
Project("{FAE04EC0-301F-11D3-BF4B-00C04F79EFBC}") = "CSharpTraning.MultiplesOf3or5", "CSharpTraning.MultiplesOf3or5\CSharpTraning.MultiplesOf3or5.csproj", "{C25B1911-0074-4152-8FC2-0C19808B40EC}"
EndProject
Global
	GlobalSection(SolutionConfigurationPlatforms) = preSolution
		Debug|Any CPU = Debug|Any CPU
		Release|Any CPU = Release|Any CPU
	EndGlobalSection
	GlobalSection(ProjectConfigurationPlatforms) = postSolution
		{314CAB66-CCD5-4AF5-842B-E2D37A2B3D44}.Debug|Any CPU.ActiveCfg = Debug|Any CPU
		{314CAB66-CCD5-4AF5-842B-E2D37A2B3D44}.Debug|Any CPU.Build.0 = Debug|Any CPU
		{314CAB66-CCD5-4AF5-842B-E2D37A2B3D44}.Release|Any CPU.ActiveCfg = Release|Any CPU
		{314CAB66-CCD5-4AF5-842B-E2D37A2B3D44}.Release|Any CPU.Build.0 = Release|Any CPU
		{C25B1911-0074-4152-8FC2-0C19808B40EC}.Debug|Any CPU.ActiveCfg = Debug|Any CPU
		{C25B1911-0074-4152-8FC2-0C19808B40EC}.Debug|Any CPU.Build.0 = Debug|Any CPU
		{C25B1911-0074-4152-8FC2-0C19808B40EC}.Release|Any CPU.ActiveCfg = Release|Any CPU
		{C25B1911-0074-4152-8FC2-0C19808B40EC}.Release|Any CPU.Build.0 = Release|Any CPU
	EndGlobalSection
	GlobalSection(SolutionProperties) = preSolution
		HideSolutionNode = FALSE
	EndGlobalSection
	GlobalSection(ExtensibilityGlobals) = postSolution
		SolutionGuid = {393813AE-73BC-47CB-A124-5B2F14206440}
	EndGlobalSection
EndGlobal
